
Microsoft Visual Studio Solution File, Format Version 12.00
Project("{FAE04EC0-301F-11D3-BF4B-00C04F79EFBC}") = "LazyMapper.Lib", "LazyMapper.Lib\LazyMapper.Lib.csproj", "{86790101-7488-4C60-B5D2-681D1D03FF4A}"
EndProject
Project("{FAE04EC0-301F-11D3-BF4B-00C04F79EFBC}") = "LazyMapper.Test", "LazyMapper.Test\LazyMapper.Test.csproj", "{C730F131-698E-444C-8281-F719C7E7F697}"
EndProject
Project("{FAE04EC0-301F-11D3-BF4B-00C04F79EFBC}") = "LazyMapper.TestFixtures", "LazyMapper.TestFixtures\LazyMapper.TestFixtures.csproj", "{57F6C642-04EB-4CE9-91AC-8D8D87B167DA}"
EndProject
Global
	GlobalSection(SolutionConfigurationPlatforms) = preSolution
		Debug|Any CPU = Debug|Any CPU
		Release|Any CPU = Release|Any CPU
	EndGlobalSection
	GlobalSection(ProjectConfigurationPlatforms) = postSolution
		{86790101-7488-4C60-B5D2-681D1D03FF4A}.Debug|Any CPU.ActiveCfg = Debug|Any CPU
		{86790101-7488-4C60-B5D2-681D1D03FF4A}.Debug|Any CPU.Build.0 = Debug|Any CPU
		{86790101-7488-4C60-B5D2-681D1D03FF4A}.Release|Any CPU.ActiveCfg = Release|Any CPU
		{86790101-7488-4C60-B5D2-681D1D03FF4A}.Release|Any CPU.Build.0 = Release|Any CPU
		{C730F131-698E-444C-8281-F719C7E7F697}.Debug|Any CPU.ActiveCfg = Debug|Any CPU
		{C730F131-698E-444C-8281-F719C7E7F697}.Debug|Any CPU.Build.0 = Debug|Any CPU
		{C730F131-698E-444C-8281-F719C7E7F697}.Release|Any CPU.ActiveCfg = Release|Any CPU
		{C730F131-698E-444C-8281-F719C7E7F697}.Release|Any CPU.Build.0 = Release|Any CPU
		{57F6C642-04EB-4CE9-91AC-8D8D87B167DA}.Debug|Any CPU.ActiveCfg = Debug|Any CPU
		{57F6C642-04EB-4CE9-91AC-8D8D87B167DA}.Debug|Any CPU.Build.0 = Debug|Any CPU
		{57F6C642-04EB-4CE9-91AC-8D8D87B167DA}.Release|Any CPU.ActiveCfg = Release|Any CPU
		{57F6C642-04EB-4CE9-91AC-8D8D87B167DA}.Release|Any CPU.Build.0 = Release|Any CPU
	EndGlobalSection
EndGlobal
